
Microsoft Visual Studio Solution File, Format Version 12.00
# Visual Studio 2013
VisualStudioVersion = 12.0.40629.0
MinimumVisualStudioVersion = 10.0.40219.1
Project("{151D2E53-A2C4-4D7D-83FE-D05416EBD58E}") = "infapc1011hf1", "infapc1011hf1\infapc1011hf1.deployproj", "{1FC8AEFA-5D2D-4D11-86D7-9D86D2D7D5C9}"
EndProject
Project("{151D2E53-A2C4-4D7D-83FE-D05416EBD58E}") = "infapc1020", "infapc1020\infapc1020.deployproj", "{E8BB8373-3E41-4001-A44C-9E42484BA09E}"
EndProject
Project("{151D2E53-A2C4-4D7D-83FE-D05416EBD58E}") = "infapc1011hf2", "infapc1011hf2\infapc1011hf2.deployproj", "{D8EF48EC-7460-49DD-A912-E8CCCB816956}"
EndProject
Global
	GlobalSection(SolutionConfigurationPlatforms) = preSolution
		Debug|Any CPU = Debug|Any CPU
		Release|Any CPU = Release|Any CPU
	EndGlobalSection
	GlobalSection(ProjectConfigurationPlatforms) = postSolution
		{1FC8AEFA-5D2D-4D11-86D7-9D86D2D7D5C9}.Debug|Any CPU.ActiveCfg = Debug|Any CPU
		{1FC8AEFA-5D2D-4D11-86D7-9D86D2D7D5C9}.Debug|Any CPU.Build.0 = Debug|Any CPU
		{1FC8AEFA-5D2D-4D11-86D7-9D86D2D7D5C9}.Release|Any CPU.ActiveCfg = Release|Any CPU
		{1FC8AEFA-5D2D-4D11-86D7-9D86D2D7D5C9}.Release|Any CPU.Build.0 = Release|Any CPU
		{E8BB8373-3E41-4001-A44C-9E42484BA09E}.Debug|Any CPU.ActiveCfg = Debug|Any CPU
		{E8BB8373-3E41-4001-A44C-9E42484BA09E}.Debug|Any CPU.Build.0 = Debug|Any CPU
		{E8BB8373-3E41-4001-A44C-9E42484BA09E}.Release|Any CPU.ActiveCfg = Release|Any CPU
		{E8BB8373-3E41-4001-A44C-9E42484BA09E}.Release|Any CPU.Build.0 = Release|Any CPU
		{D8EF48EC-7460-49DD-A912-E8CCCB816956}.Debug|Any CPU.ActiveCfg = Debug|Any CPU
		{D8EF48EC-7460-49DD-A912-E8CCCB816956}.Debug|Any CPU.Build.0 = Debug|Any CPU
		{D8EF48EC-7460-49DD-A912-E8CCCB816956}.Release|Any CPU.ActiveCfg = Release|Any CPU
		{D8EF48EC-7460-49DD-A912-E8CCCB816956}.Release|Any CPU.Build.0 = Release|Any CPU
	EndGlobalSection
	GlobalSection(SolutionProperties) = preSolution
		HideSolutionNode = FALSE
	EndGlobalSection
EndGlobal
